
Microsoft Visual Studio Solution File, Format Version 12.00
# Visual Studio Version 16
VisualStudioVersion = 16.0.31112.23
MinimumVisualStudioVersion = 10.0.40219.1
Project("{FAE04EC0-301F-11D3-BF4B-00C04F79EFBC}") = "CalculateEmployeeAPI", "CalculateEmployeeAPI\CalculateEmployeeAPI.csproj", "{B75D50FF-BD0E-4645-8C14-5303839E8013}"
EndProject
Global
	GlobalSection(SolutionConfigurationPlatforms) = preSolution
		Debug|Any CPU = Debug|Any CPU
		Release|Any CPU = Release|Any CPU
	EndGlobalSection
	GlobalSection(ProjectConfigurationPlatforms) = postSolution
		{B75D50FF-BD0E-4645-8C14-5303839E8013}.Debug|Any CPU.ActiveCfg = Debug|Any CPU
		{B75D50FF-BD0E-4645-8C14-5303839E8013}.Debug|Any CPU.Build.0 = Debug|Any CPU
		{B75D50FF-BD0E-4645-8C14-5303839E8013}.Release|Any CPU.ActiveCfg = Release|Any CPU
		{B75D50FF-BD0E-4645-8C14-5303839E8013}.Release|Any CPU.Build.0 = Release|Any CPU
	EndGlobalSection
	GlobalSection(SolutionProperties) = preSolution
		HideSolutionNode = FALSE
	EndGlobalSection
	GlobalSection(ExtensibilityGlobals) = postSolution
		SolutionGuid = {D4269E18-F103-4E3B-B783-F69CDBD5CCB2}
	EndGlobalSection
EndGlobal
